
Microsoft Visual Studio Solution File, Format Version 12.00
# Visual Studio Version 16
VisualStudioVersion = 16.0.30907.101
MinimumVisualStudioVersion = 10.0.40219.1
Project("{FAE04EC0-301F-11D3-BF4B-00C04F79EFBC}") = "Exercise 3", "Exercise 3\Exercise 3.csproj", "{C5659B77-2033-4B16-92E0-C15FA3F579CC}"
EndProject
Project("{FAE04EC0-301F-11D3-BF4B-00C04F79EFBC}") = "Exercise 4", "Exercise 4\Exercise 4.csproj", "{ACB139CC-48E9-442D-AC7D-CBCF7121F6FD}"
EndProject
Project("{FAE04EC0-301F-11D3-BF4B-00C04F79EFBC}") = "Exercise 5", "Exercise 5\Exercise 5.csproj", "{E53AE883-EBE8-49FE-9CA0-DFB881781086}"
EndProject
Project("{FAE04EC0-301F-11D3-BF4B-00C04F79EFBC}") = "Exercise 1", "Exercise 1\Exercise 1.csproj", "{3D9299FC-9D86-4FF8-A69D-BE9636F86BEB}"
EndProject
Project("{FAE04EC0-301F-11D3-BF4B-00C04F79EFBC}") = "Exercise 2", "Exercise 2\Exercise 2.csproj", "{3D09D897-1E5C-4F75-AF6A-A346112EECDD}"
EndProject
Global
	GlobalSection(SolutionConfigurationPlatforms) = preSolution
		Debug|Any CPU = Debug|Any CPU
		Release|Any CPU = Release|Any CPU
	EndGlobalSection
	GlobalSection(ProjectConfigurationPlatforms) = postSolution
		{C5659B77-2033-4B16-92E0-C15FA3F579CC}.Debug|Any CPU.ActiveCfg = Debug|Any CPU
		{C5659B77-2033-4B16-92E0-C15FA3F579CC}.Debug|Any CPU.Build.0 = Debug|Any CPU
		{C5659B77-2033-4B16-92E0-C15FA3F579CC}.Release|Any CPU.ActiveCfg = Release|Any CPU
		{C5659B77-2033-4B16-92E0-C15FA3F579CC}.Release|Any CPU.Build.0 = Release|Any CPU
		{ACB139CC-48E9-442D-AC7D-CBCF7121F6FD}.Debug|Any CPU.ActiveCfg = Debug|Any CPU
		{ACB139CC-48E9-442D-AC7D-CBCF7121F6FD}.Debug|Any CPU.Build.0 = Debug|Any CPU
		{ACB139CC-48E9-442D-AC7D-CBCF7121F6FD}.Release|Any CPU.ActiveCfg = Release|Any CPU
		{ACB139CC-48E9-442D-AC7D-CBCF7121F6FD}.Release|Any CPU.Build.0 = Release|Any CPU
		{E53AE883-EBE8-49FE-9CA0-DFB881781086}.Debug|Any CPU.ActiveCfg = Debug|Any CPU
		{E53AE883-EBE8-49FE-9CA0-DFB881781086}.Debug|Any CPU.Build.0 = Debug|Any CPU
		{E53AE883-EBE8-49FE-9CA0-DFB881781086}.Release|Any CPU.ActiveCfg = Release|Any CPU
		{E53AE883-EBE8-49FE-9CA0-DFB881781086}.Release|Any CPU.Build.0 = Release|Any CPU
		{3D9299FC-9D86-4FF8-A69D-BE9636F86BEB}.Debug|Any CPU.ActiveCfg = Debug|Any CPU
		{3D9299FC-9D86-4FF8-A69D-BE9636F86BEB}.Debug|Any CPU.Build.0 = Debug|Any CPU
		{3D9299FC-9D86-4FF8-A69D-BE9636F86BEB}.Release|Any CPU.ActiveCfg = Release|Any CPU
		{3D9299FC-9D86-4FF8-A69D-BE9636F86BEB}.Release|Any CPU.Build.0 = Release|Any CPU
		{3D09D897-1E5C-4F75-AF6A-A346112EECDD}.Debug|Any CPU.ActiveCfg = Debug|Any CPU
		{3D09D897-1E5C-4F75-AF6A-A346112EECDD}.Debug|Any CPU.Build.0 = Debug|Any CPU
		{3D09D897-1E5C-4F75-AF6A-A346112EECDD}.Release|Any CPU.ActiveCfg = Release|Any CPU
		{3D09D897-1E5C-4F75-AF6A-A346112EECDD}.Release|Any CPU.Build.0 = Release|Any CPU
	EndGlobalSection
	GlobalSection(SolutionProperties) = preSolution
		HideSolutionNode = FALSE
	EndGlobalSection
	GlobalSection(ExtensibilityGlobals) = postSolution
		SolutionGuid = {4049F278-2CDD-4445-A412-D82D17C928A7}
	EndGlobalSection
EndGlobal
